
Microsoft Visual Studio Solution File, Format Version 12.00
# Visual Studio 15
VisualStudioVersion = 15.0.27004.2002
MinimumVisualStudioVersion = 10.0.40219.1
Project("{9A19103F-16F7-4668-BE54-9A1E7A4F7556}") = "WebApplication2", "WebApplication2\WebApplication2.csproj", "{C4A1E1C7-65E7-4932-8D65-035526F7A3AE}"
EndProject
Project("{E53339B2-1760-4266-BCC7-CA923CBCF16C}") = "docker-compose", "docker-compose.dcproj", "{C0FF897F-8CF2-4526-8F95-12DB3630BA25}"
EndProject
Global
	GlobalSection(SolutionConfigurationPlatforms) = preSolution
		Debug|Any CPU = Debug|Any CPU
		Release|Any CPU = Release|Any CPU
	EndGlobalSection
	GlobalSection(ProjectConfigurationPlatforms) = postSolution
		{C4A1E1C7-65E7-4932-8D65-035526F7A3AE}.Debug|Any CPU.ActiveCfg = Debug|Any CPU
		{C4A1E1C7-65E7-4932-8D65-035526F7A3AE}.Debug|Any CPU.Build.0 = Debug|Any CPU
		{C4A1E1C7-65E7-4932-8D65-035526F7A3AE}.Release|Any CPU.ActiveCfg = Release|Any CPU
		{C4A1E1C7-65E7-4932-8D65-035526F7A3AE}.Release|Any CPU.Build.0 = Release|Any CPU
		{C0FF897F-8CF2-4526-8F95-12DB3630BA25}.Debug|Any CPU.ActiveCfg = Debug|Any CPU
		{C0FF897F-8CF2-4526-8F95-12DB3630BA25}.Debug|Any CPU.Build.0 = Debug|Any CPU
		{C0FF897F-8CF2-4526-8F95-12DB3630BA25}.Release|Any CPU.ActiveCfg = Release|Any CPU
		{C0FF897F-8CF2-4526-8F95-12DB3630BA25}.Release|Any CPU.Build.0 = Release|Any CPU
	EndGlobalSection
	GlobalSection(SolutionProperties) = preSolution
		HideSolutionNode = FALSE
	EndGlobalSection
	GlobalSection(ExtensibilityGlobals) = postSolution
		SolutionGuid = {ABC2FD6F-09F8-48FE-A971-515B1AE6E18F}
	EndGlobalSection
	GlobalSection(TeamFoundationVersionControl) = preSolution
		SccNumberOfProjects = 2
		SccEnterpriseProvider = {4CA58AB2-18FA-4F8D-95D4-32DDF27D184C}
		SccTeamFoundationServer = https://teodorasms.visualstudio.com/
		SccLocalPath0 = .
		SccProjectUniqueName1 = WebApplication2\\WebApplication2.csproj
		SccProjectName1 = WebApplication2
		SccLocalPath1 = WebApplication2
	EndGlobalSection
EndGlobal
