
Microsoft Visual Studio Solution File, Format Version 12.00
# Visual Studio 15
VisualStudioVersion = 15.0.27130.2010
MinimumVisualStudioVersion = 10.0.40219.1
Project("{FAE04EC0-301F-11D3-BF4B-00C04F79EFBC}") = "XPlus.Configuration", "XPlus.Configuration.csproj", "{EFE02338-BB81-4405-9B31-C8EF47503AB2}"
EndProject
Project("{FAE04EC0-301F-11D3-BF4B-00C04F79EFBC}") = "Xplus.Configuration.App", "Xplus.Configuration.App\Xplus.Configuration.App.csproj", "{26D8746D-2419-4681-ADDB-65C17138E4C6}"
EndProject
Project("{FAE04EC0-301F-11D3-BF4B-00C04F79EFBC}") = "Xplus.Sdk.Library", "..\Xplus.Sdk.Library\Xplus.Sdk.Library.csproj", "{BD1B2E69-B3F9-4EC1-B11E-3CFF0A9F5140}"
EndProject
Global
	GlobalSection(SolutionConfigurationPlatforms) = preSolution
		Debug|Any CPU = Debug|Any CPU
		Release|Any CPU = Release|Any CPU
	EndGlobalSection
	GlobalSection(ProjectConfigurationPlatforms) = postSolution
		{EFE02338-BB81-4405-9B31-C8EF47503AB2}.Debug|Any CPU.ActiveCfg = Debug|Any CPU
		{EFE02338-BB81-4405-9B31-C8EF47503AB2}.Debug|Any CPU.Build.0 = Debug|Any CPU
		{EFE02338-BB81-4405-9B31-C8EF47503AB2}.Release|Any CPU.ActiveCfg = Release|Any CPU
		{EFE02338-BB81-4405-9B31-C8EF47503AB2}.Release|Any CPU.Build.0 = Release|Any CPU
		{26D8746D-2419-4681-ADDB-65C17138E4C6}.Debug|Any CPU.ActiveCfg = Debug|Any CPU
		{26D8746D-2419-4681-ADDB-65C17138E4C6}.Debug|Any CPU.Build.0 = Debug|Any CPU
		{26D8746D-2419-4681-ADDB-65C17138E4C6}.Release|Any CPU.ActiveCfg = Release|Any CPU
		{26D8746D-2419-4681-ADDB-65C17138E4C6}.Release|Any CPU.Build.0 = Release|Any CPU
		{BD1B2E69-B3F9-4EC1-B11E-3CFF0A9F5140}.Debug|Any CPU.ActiveCfg = Debug|Any CPU
		{BD1B2E69-B3F9-4EC1-B11E-3CFF0A9F5140}.Debug|Any CPU.Build.0 = Debug|Any CPU
		{BD1B2E69-B3F9-4EC1-B11E-3CFF0A9F5140}.Release|Any CPU.ActiveCfg = Release|Any CPU
		{BD1B2E69-B3F9-4EC1-B11E-3CFF0A9F5140}.Release|Any CPU.Build.0 = Release|Any CPU
	EndGlobalSection
	GlobalSection(SolutionProperties) = preSolution
		HideSolutionNode = FALSE
	EndGlobalSection
	GlobalSection(ExtensibilityGlobals) = postSolution
		SolutionGuid = {FE280F9D-1DD8-44FE-B07C-D2C28E3B0EB5}
	EndGlobalSection
	GlobalSection(TeamFoundationVersionControl) = preSolution
		SccNumberOfProjects = 4
		SccEnterpriseProvider = {4CA58AB2-18FA-4F8D-95D4-32DDF27D184C}
		SccTeamFoundationServer = https://teodorasms.visualstudio.com/
		SccLocalPath0 = .
		SccProjectUniqueName1 = Xplus.Configuration.App\\Xplus.Configuration.App.csproj
		SccProjectName1 = Xplus.Configuration.App
		SccLocalPath1 = Xplus.Configuration.App
		SccProjectUniqueName2 = XPlus.Configuration.csproj
		SccLocalPath2 = .
		SccProjectUniqueName3 = ..\\Xplus.Sdk.Library\\Xplus.Sdk.Library.csproj
		SccProjectName3 = ../Xplus.Sdk.Library
		SccLocalPath3 = ..\\Xplus.Sdk.Library
	EndGlobalSection
EndGlobal
