
Microsoft Visual Studio Solution File, Format Version 12.00
# Visual Studio 14
VisualStudioVersion = 14.0.25420.1
MinimumVisualStudioVersion = 10.0.40219.1
Project("{FAE04EC0-301F-11D3-BF4B-00C04F79EFBC}") = "WinFormsAppLinker", "WinFormsAppLinker\WinFormsAppLinker.csproj", "{878DEF2C-653E-4686-AC78-75A4E3205A48}"
EndProject
Project("{FAE04EC0-301F-11D3-BF4B-00C04F79EFBC}") = "ClassLibLinker", "ClassLibLinker\ClassLibLinker.csproj", "{D120A2A7-1ADC-405D-BA3B-DF8C6B80609C}"
EndProject
Global
	GlobalSection(SolutionConfigurationPlatforms) = preSolution
		Debug|Any CPU = Debug|Any CPU
		Release|Any CPU = Release|Any CPU
	EndGlobalSection
	GlobalSection(ProjectConfigurationPlatforms) = postSolution
		{878DEF2C-653E-4686-AC78-75A4E3205A48}.Debug|Any CPU.ActiveCfg = Debug|Any CPU
		{878DEF2C-653E-4686-AC78-75A4E3205A48}.Debug|Any CPU.Build.0 = Debug|Any CPU
		{878DEF2C-653E-4686-AC78-75A4E3205A48}.Release|Any CPU.ActiveCfg = Release|Any CPU
		{878DEF2C-653E-4686-AC78-75A4E3205A48}.Release|Any CPU.Build.0 = Release|Any CPU
		{D120A2A7-1ADC-405D-BA3B-DF8C6B80609C}.Debug|Any CPU.ActiveCfg = Debug|Any CPU
		{D120A2A7-1ADC-405D-BA3B-DF8C6B80609C}.Debug|Any CPU.Build.0 = Debug|Any CPU
		{D120A2A7-1ADC-405D-BA3B-DF8C6B80609C}.Release|Any CPU.ActiveCfg = Release|Any CPU
		{D120A2A7-1ADC-405D-BA3B-DF8C6B80609C}.Release|Any CPU.Build.0 = Release|Any CPU
	EndGlobalSection
	GlobalSection(SolutionProperties) = preSolution
		HideSolutionNode = FALSE
	EndGlobalSection
	GlobalSection(TeamFoundationVersionControl) = preSolution
		SccNumberOfProjects = 3
		SccEnterpriseProvider = {4CA58AB2-18FA-4F8D-95D4-32DDF27D184C}
		SccTeamFoundationServer = https://teodorasms.visualstudio.com/
		SccLocalPath0 = .
		SccProjectUniqueName1 = ClassLibLinker\\ClassLibLinker.csproj
		SccProjectName1 = ClassLibLinker
		SccLocalPath1 = ClassLibLinker
		SccProjectUniqueName2 = WinFormsAppLinker\\WinFormsAppLinker.csproj
		SccProjectName2 = WinFormsAppLinker
		SccLocalPath2 = WinFormsAppLinker
	EndGlobalSection
EndGlobal
