
Microsoft Visual Studio Solution File, Format Version 12.00
# Visual Studio 15
VisualStudioVersion = 15.0.26430.6
MinimumVisualStudioVersion = 10.0.40219.1
Project("{FAE04EC0-301F-11D3-BF4B-00C04F79EFBC}") = "WebApp_Core", "WebApp_Core\WebApp_Core.csproj", "{DFFEFD45-1DA2-48B9-86B2-E76615CF3E8E}"
EndProject
Project("{FAE04EC0-301F-11D3-BF4B-00C04F79EFBC}") = "XUnitTestProject1", "XUnitTestProject1\XUnitTestProject1.csproj", "{72E33A75-5B52-4A4F-8A64-98FF0CF8A5E9}"
EndProject
Global
	GlobalSection(SolutionConfigurationPlatforms) = preSolution
		Debug|Any CPU = Debug|Any CPU
		Release|Any CPU = Release|Any CPU
	EndGlobalSection
	GlobalSection(ProjectConfigurationPlatforms) = postSolution
		{DFFEFD45-1DA2-48B9-86B2-E76615CF3E8E}.Debug|Any CPU.ActiveCfg = Debug|Any CPU
		{DFFEFD45-1DA2-48B9-86B2-E76615CF3E8E}.Debug|Any CPU.Build.0 = Debug|Any CPU
		{DFFEFD45-1DA2-48B9-86B2-E76615CF3E8E}.Release|Any CPU.ActiveCfg = Release|Any CPU
		{DFFEFD45-1DA2-48B9-86B2-E76615CF3E8E}.Release|Any CPU.Build.0 = Release|Any CPU
		{72E33A75-5B52-4A4F-8A64-98FF0CF8A5E9}.Debug|Any CPU.ActiveCfg = Debug|Any CPU
		{72E33A75-5B52-4A4F-8A64-98FF0CF8A5E9}.Debug|Any CPU.Build.0 = Debug|Any CPU
		{72E33A75-5B52-4A4F-8A64-98FF0CF8A5E9}.Release|Any CPU.ActiveCfg = Release|Any CPU
		{72E33A75-5B52-4A4F-8A64-98FF0CF8A5E9}.Release|Any CPU.Build.0 = Release|Any CPU
	EndGlobalSection
	GlobalSection(SolutionProperties) = preSolution
		HideSolutionNode = FALSE
	EndGlobalSection
	GlobalSection(TeamFoundationVersionControl) = preSolution
		SccNumberOfProjects = 3
		SccEnterpriseProvider = {4CA58AB2-18FA-4F8D-95D4-32DDF27D184C}
		SccTeamFoundationServer = https://teodorasms.visualstudio.com/
		SccLocalPath0 = .
		SccProjectUniqueName1 = WebApp_Core\\WebApp_Core.csproj
		SccProjectName1 = WebApp_Core
		SccLocalPath1 = WebApp_Core
		SccProjectUniqueName2 = XUnitTestProject1\\XUnitTestProject1.csproj
		SccProjectName2 = XUnitTestProject1
		SccLocalPath2 = XUnitTestProject1
	EndGlobalSection
EndGlobal
